// !$*UTF8*$!
{
	archiveVersion = 1;
	classes = {
	};
	objectVersion = 50;
	objects = {

/* Begin PBXBuildFile section */
		A11DBD4125F229D1004ACEE4 /* FlickrTests.swift in Sources */ = {isa = PBXBuildFile; fileRef = A11DBD4025F229D1004ACEE4 /* FlickrTests.swift */; };
		A11DBD4C25F229D1004ACEE4 /* FlickrUITests.swift in Sources */ = {isa = PBXBuildFile; fileRef = A11DBD4B25F229D1004ACEE4 /* FlickrUITests.swift */; };
		A11DBD8125F22B49004ACEE4 /* Assets.xcassets in Resources */ = {isa = PBXBuildFile; fileRef = A11DBD6125F22B49004ACEE4 /* Assets.xcassets */; };
		A11DBD8225F22B49004ACEE4 /* Preview Assets.xcassets in Resources */ = {isa = PBXBuildFile; fileRef = A11DBD6325F22B49004ACEE4 /* Preview Assets.xcassets */; };
		A11DBD8325F22B49004ACEE4 /* FlickrApp.swift in Sources */ = {isa = PBXBuildFile; fileRef = A11DBD6425F22B49004ACEE4 /* FlickrApp.swift */; };
		A11DBD8425F22B49004ACEE4 /* ContentView.swift in Sources */ = {isa = PBXBuildFile; fileRef = A11DBD6525F22B49004ACEE4 /* ContentView.swift */; };
		A11DBD8625F22B49004ACEE4 /* Requestable.swift in Sources */ = {isa = PBXBuildFile; fileRef = A11DBD7025F22B49004ACEE4 /* Requestable.swift */; };
		A11DBD8725F22B49004ACEE4 /* Requestable+Loading.swift in Sources */ = {isa = PBXBuildFile; fileRef = A11DBD7125F22B49004ACEE4 /* Requestable+Loading.swift */; };
		A11DBD8825F22B49004ACEE4 /* Requestable+Debug.swift in Sources */ = {isa = PBXBuildFile; fileRef = A11DBD7225F22B49004ACEE4 /* Requestable+Debug.swift */; };
		A11DBD8925F22B49004ACEE4 /* PathComponentProvider.swift in Sources */ = {isa = PBXBuildFile; fileRef = A11DBD7325F22B49004ACEE4 /* PathComponentProvider.swift */; };
		A11DBD8A25F22B49004ACEE4 /* Fetchable.swift in Sources */ = {isa = PBXBuildFile; fileRef = A11DBD7425F22B49004ACEE4 /* Fetchable.swift */; };
		A11DBD8B25F22B49004ACEE4 /* NetworkHandler.swift in Sources */ = {isa = PBXBuildFile; fileRef = A11DBD7525F22B49004ACEE4 /* NetworkHandler.swift */; };
		A11DBD9725F22CC2004ACEE4 /* AppConstants.swift in Sources */ = {isa = PBXBuildFile; fileRef = A11DBD9525F22CC2004ACEE4 /* AppConstants.swift */; };
		A11DBD9825F22CC2004ACEE4 /* AppState.swift in Sources */ = {isa = PBXBuildFile; fileRef = A11DBD9625F22CC2004ACEE4 /* AppState.swift */; };
		A11DBDE425F26309004ACEE4 /* Dictionary++.swift in Sources */ = {isa = PBXBuildFile; fileRef = A11DBDDC25F26309004ACEE4 /* Dictionary++.swift */; };
		A11DBDE525F26309004ACEE4 /* Either.swift in Sources */ = {isa = PBXBuildFile; fileRef = A11DBDDD25F26309004ACEE4 /* Either.swift */; };
		A11DBDE625F26309004ACEE4 /* Color+Colorize.swift in Sources */ = {isa = PBXBuildFile; fileRef = A11DBDDE25F26309004ACEE4 /* Color+Colorize.swift */; };
		A11DBDE725F26309004ACEE4 /* Array++.swift in Sources */ = {isa = PBXBuildFile; fileRef = A11DBDDF25F26309004ACEE4 /* Array++.swift */; };
		A11DBDE825F26309004ACEE4 /* NSError+Identifiable.swift in Sources */ = {isa = PBXBuildFile; fileRef = A11DBDE025F26309004ACEE4 /* NSError+Identifiable.swift */; };
		A11DBDEA25F26309004ACEE4 /* Collection++.swift in Sources */ = {isa = PBXBuildFile; fileRef = A11DBDE225F26309004ACEE4 /* Collection++.swift */; };
		A11DBDEB25F26309004ACEE4 /* Sequence++.swift in Sources */ = {isa = PBXBuildFile; fileRef = A11DBDE325F26309004ACEE4 /* Sequence++.swift */; };
		A11DBDF325F263C8004ACEE4 /* Requestable+Flickr.swift in Sources */ = {isa = PBXBuildFile; fileRef = A11DBDF225F263C8004ACEE4 /* Requestable+Flickr.swift */; };
		A11DBDFE25F2672E004ACEE4 /* DataProvidable.swift in Sources */ = {isa = PBXBuildFile; fileRef = A11DBDFD25F2672E004ACEE4 /* DataProvidable.swift */; };
		A11DBE0325F26754004ACEE4 /* NetworkDataProvider.swift in Sources */ = {isa = PBXBuildFile; fileRef = A11DBE0225F26754004ACEE4 /* NetworkDataProvider.swift */; };
		A11DBE0A25F267EF004ACEE4 /* LoadingView.swift in Sources */ = {isa = PBXBuildFile; fileRef = A11DBE0725F267EF004ACEE4 /* LoadingView.swift */; };
		A11DBE0B25F267EF004ACEE4 /* ErrorView.swift in Sources */ = {isa = PBXBuildFile; fileRef = A11DBE0825F267EF004ACEE4 /* ErrorView.swift */; };
		A11DBE0C25F267EF004ACEE4 /* InputTextField.swift in Sources */ = {isa = PBXBuildFile; fileRef = A11DBE0925F267EF004ACEE4 /* InputTextField.swift */; };
		A11DBE1125F26862004ACEE4 /* LoadingIndicatorView.swift in Sources */ = {isa = PBXBuildFile; fileRef = A11DBE1025F26862004ACEE4 /* LoadingIndicatorView.swift */; };
		A11DBE1625F26969004ACEE4 /* MainAPI.swift in Sources */ = {isa = PBXBuildFile; fileRef = A11DBE1525F26969004ACEE4 /* MainAPI.swift */; };
		A11DBE1B25F26A69004ACEE4 /* Photo.swift in Sources */ = {isa = PBXBuildFile; fileRef = A11DBE1A25F26A69004ACEE4 /* Photo.swift */; };
		A11DBE2125F2713E004ACEE4 /* MainView.swift in Sources */ = {isa = PBXBuildFile; fileRef = A11DBE2025F2713E004ACEE4 /* MainView.swift */; };
		A11DBE2925F27156004ACEE4 /* MainViewModel.swift in Sources */ = {isa = PBXBuildFile; fileRef = A11DBE2825F27156004ACEE4 /* MainViewModel.swift */; };
		A11DBE3125F271EC004ACEE4 /* MockDataProvider.swift in Sources */ = {isa = PBXBuildFile; fileRef = A11DBE3025F271EC004ACEE4 /* MockDataProvider.swift */; };
		A11DBE3925F27701004ACEE4 /* FlickrModel.swift in Sources */ = {isa = PBXBuildFile; fileRef = A11DBE3825F27701004ACEE4 /* FlickrModel.swift */; };
		A11DBE4125F2786F004ACEE4 /* MockDataLoader.swift in Sources */ = {isa = PBXBuildFile; fileRef = A11DBE4025F2786F004ACEE4 /* MockDataLoader.swift */; };
		A11DBE4625F278AD004ACEE4 /* SearchResponse.json in Resources */ = {isa = PBXBuildFile; fileRef = A11DBE4525F278AD004ACEE4 /* SearchResponse.json */; };
		A11DBE4F25F27C6A004ACEE4 /* README.md in Resources */ = {isa = PBXBuildFile; fileRef = A11DBE4E25F27C6A004ACEE4 /* README.md */; };
		A11DBE5B25F27D5D004ACEE4 /* RootView.swift in Sources */ = {isa = PBXBuildFile; fileRef = A11DBE5A25F27D5D004ACEE4 /* RootView.swift */; };
		A11DBE6325F27D76004ACEE4 /* RootViewModel.swift in Sources */ = {isa = PBXBuildFile; fileRef = A11DBE6225F27D76004ACEE4 /* RootViewModel.swift */; };
		A1387B4F25F312F200B7902E /* OnboardingView.swift in Sources */ = {isa = PBXBuildFile; fileRef = A1387B4E25F312F200B7902E /* OnboardingView.swift */; };
		A1387B5725F313DD00B7902E /* Color.xcassets in Resources */ = {isa = PBXBuildFile; fileRef = A1387B5625F313DD00B7902E /* Color.xcassets */; };
		A1387B5F25F31A5500B7902E /* VisualEffectBlur.swift in Sources */ = {isa = PBXBuildFile; fileRef = A1387B5E25F31A5500B7902E /* VisualEffectBlur.swift */; };
		A1387B6725F3279100B7902E /* FlickrBackground.swift in Sources */ = {isa = PBXBuildFile; fileRef = A1387B6625F3279100B7902E /* FlickrBackground.swift */; };
		A1387B7225F32C8800B7902E /* PhotoViewModel.swift in Sources */ = {isa = PBXBuildFile; fileRef = A1387B7125F32C8800B7902E /* PhotoViewModel.swift */; };
		A1387B7A25F341D900B7902E /* NavigationConfigurator.swift in Sources */ = {isa = PBXBuildFile; fileRef = A1387B7925F341D900B7902E /* NavigationConfigurator.swift */; };
		A1387B7F25F346EF00B7902E /* ScrollViewOffset.swift in Sources */ = {isa = PBXBuildFile; fileRef = A1387B7E25F346EF00B7902E /* ScrollViewOffset.swift */; };
		A1387B8425F35CEC00B7902E /* CachedImage.swift in Sources */ = {isa = PBXBuildFile; fileRef = A1387B8325F35CEC00B7902E /* CachedImage.swift */; };
		A1387B8D25F35DD600B7902E /* PhotoView.swift in Sources */ = {isa = PBXBuildFile; fileRef = A1387B8C25F35DD600B7902E /* PhotoView.swift */; };
		A1387B9225F3604200B7902E /* SinglePhotoResponse.json in Resources */ = {isa = PBXBuildFile; fileRef = A1387B9125F3604200B7902E /* SinglePhotoResponse.json */; };
		A1800B7625F4C75A0093D040 /* PhotoModelTests.swift in Sources */ = {isa = PBXBuildFile; fileRef = A1800B7525F4C75A0093D040 /* PhotoModelTests.swift */; };
		A1800B8825F4D0AB0093D040 /* PhotoResponse.jpeg in Resources */ = {isa = PBXBuildFile; fileRef = A1800B8525F4D0AB0093D040 /* PhotoResponse.jpeg */; };
		A1800B8925F4D0AB0093D040 /* SearchResponse.json in Resources */ = {isa = PBXBuildFile; fileRef = A1800B8625F4D0AB0093D040 /* SearchResponse.json */; };
		A1800B8A25F4D0AB0093D040 /* SinglePhotoResponse.json in Resources */ = {isa = PBXBuildFile; fileRef = A1800B8725F4D0AB0093D040 /* SinglePhotoResponse.json */; };
		A1800B9325F4D0B70093D040 /* MockDataProvider.swift in Sources */ = {isa = PBXBuildFile; fileRef = A1800B9125F4D0B70093D040 /* MockDataProvider.swift */; };
		A1800B9425F4D0B70093D040 /* MockDataLoader.swift in Sources */ = {isa = PBXBuildFile; fileRef = A1800B9225F4D0B70093D040 /* MockDataLoader.swift */; };
		A1800BA225F4D30D0093D040 /* MainAPITests.swift in Sources */ = {isa = PBXBuildFile; fileRef = A1800BA125F4D30D0093D040 /* MainAPITests.swift */; };
		A18778A625F3B7E000CEB21B /* PhotoResponse.jpeg in Resources */ = {isa = PBXBuildFile; fileRef = A18778A525F3B7E000CEB21B /* PhotoResponse.jpeg */; };
		A18778AB25F3BDE400CEB21B /* PhotoDetailView.swift in Sources */ = {isa = PBXBuildFile; fileRef = A18778AA25F3BDE400CEB21B /* PhotoDetailView.swift */; };
		A18778B025F3BDFD00CEB21B /* PhotoDetailViewModel.swift in Sources */ = {isa = PBXBuildFile; fileRef = A18778AF25F3BDFD00CEB21B /* PhotoDetailViewModel.swift */; };
		A187BB2A25F4E1F3000CC4CC /* DependencyMap.swift in Sources */ = {isa = PBXBuildFile; fileRef = A187BB2925F4E1F3000CC4CC /* DependencyMap.swift */; };
		A187BB2F25F4E215000CC4CC /* DefaultNetworkHandlerProvider.swift in Sources */ = {isa = PBXBuildFile; fileRef = A187BB2E25F4E215000CC4CC /* DefaultNetworkHandlerProvider.swift */; };
		A187BB3525F4E2E2000CC4CC /* MockNetworkHandlerProvider.swift in Sources */ = {isa = PBXBuildFile; fileRef = A187BB3425F4E2E2000CC4CC /* MockNetworkHandlerProvider.swift */; };
		A187BB3A25F4E799000CC4CC /* URLProtocolMock.swift in Sources */ = {isa = PBXBuildFile; fileRef = A187BB3925F4E799000CC4CC /* URLProtocolMock.swift */; };
		A187BB4225F4F3F0000CC4CC /* AppStateTests.swift in Sources */ = {isa = PBXBuildFile; fileRef = A187BB4125F4F3F0000CC4CC /* AppStateTests.swift */; };
/* End PBXBuildFile section */

/* Begin PBXContainerItemProxy section */
		A11DBD3D25F229D1004ACEE4 /* PBXContainerItemProxy */ = {
			isa = PBXContainerItemProxy;
			containerPortal = A11DBD2325F229CF004ACEE4 /* Project object */;
			proxyType = 1;
			remoteGlobalIDString = A11DBD2A25F229CF004ACEE4;
			remoteInfo = Flickr;
		};
		A11DBD4825F229D1004ACEE4 /* PBXContainerItemProxy */ = {
			isa = PBXContainerItemProxy;
			containerPortal = A11DBD2325F229CF004ACEE4 /* Project object */;
			proxyType = 1;
			remoteGlobalIDString = A11DBD2A25F229CF004ACEE4;
			remoteInfo = Flickr;
		};
/* End PBXContainerItemProxy section */

/* Begin PBXFileReference section */
		A11DBD2B25F229CF004ACEE4 /* Flickr.app */ = {isa = PBXFileReference; explicitFileType = wrapper.application; includeInIndex = 0; path = Flickr.app; sourceTree = BUILT_PRODUCTS_DIR; };
		A11DBD3C25F229D1004ACEE4 /* FlickrTests.xctest */ = {isa = PBXFileReference; explicitFileType = wrapper.cfbundle; includeInIndex = 0; path = FlickrTests.xctest; sourceTree = BUILT_PRODUCTS_DIR; };
		A11DBD4025F229D1004ACEE4 /* FlickrTests.swift */ = {isa = PBXFileReference; lastKnownFileType = sourcecode.swift; path = FlickrTests.swift; sourceTree = "<group>"; };
		A11DBD4225F229D1004ACEE4 /* Info.plist */ = {isa = PBXFileReference; lastKnownFileType = text.plist.xml; path = Info.plist; sourceTree = "<group>"; };
		A11DBD4725F229D1004ACEE4 /* FlickrUITests.xctest */ = {isa = PBXFileReference; explicitFileType = wrapper.cfbundle; includeInIndex = 0; path = FlickrUITests.xctest; sourceTree = BUILT_PRODUCTS_DIR; };
		A11DBD4B25F229D1004ACEE4 /* FlickrUITests.swift */ = {isa = PBXFileReference; lastKnownFileType = sourcecode.swift; path = FlickrUITests.swift; sourceTree = "<group>"; };
		A11DBD4D25F229D1004ACEE4 /* Info.plist */ = {isa = PBXFileReference; lastKnownFileType = text.plist.xml; path = Info.plist; sourceTree = "<group>"; };
		A11DBD6125F22B49004ACEE4 /* Assets.xcassets */ = {isa = PBXFileReference; lastKnownFileType = folder.assetcatalog; path = Assets.xcassets; sourceTree = "<group>"; };
		A11DBD6325F22B49004ACEE4 /* Preview Assets.xcassets */ = {isa = PBXFileReference; lastKnownFileType = folder.assetcatalog; path = "Preview Assets.xcassets"; sourceTree = "<group>"; };
		A11DBD6425F22B49004ACEE4 /* FlickrApp.swift */ = {isa = PBXFileReference; fileEncoding = 4; lastKnownFileType = sourcecode.swift; path = FlickrApp.swift; sourceTree = "<group>"; };
		A11DBD6525F22B49004ACEE4 /* ContentView.swift */ = {isa = PBXFileReference; fileEncoding = 4; lastKnownFileType = sourcecode.swift; path = ContentView.swift; sourceTree = "<group>"; };
		A11DBD6625F22B49004ACEE4 /* Info.plist */ = {isa = PBXFileReference; fileEncoding = 4; lastKnownFileType = text.plist.xml; path = Info.plist; sourceTree = "<group>"; };
		A11DBD7025F22B49004ACEE4 /* Requestable.swift */ = {isa = PBXFileReference; fileEncoding = 4; lastKnownFileType = sourcecode.swift; path = Requestable.swift; sourceTree = "<group>"; };
		A11DBD7125F22B49004ACEE4 /* Requestable+Loading.swift */ = {isa = PBXFileReference; fileEncoding = 4; lastKnownFileType = sourcecode.swift; path = "Requestable+Loading.swift"; sourceTree = "<group>"; };
		A11DBD7225F22B49004ACEE4 /* Requestable+Debug.swift */ = {isa = PBXFileReference; fileEncoding = 4; lastKnownFileType = sourcecode.swift; path = "Requestable+Debug.swift"; sourceTree = "<group>"; };
		A11DBD7325F22B49004ACEE4 /* PathComponentProvider.swift */ = {isa = PBXFileReference; fileEncoding = 4; lastKnownFileType = sourcecode.swift; path = PathComponentProvider.swift; sourceTree = "<group>"; };
		A11DBD7425F22B49004ACEE4 /* Fetchable.swift */ = {isa = PBXFileReference; fileEncoding = 4; lastKnownFileType = sourcecode.swift; path = Fetchable.swift; sourceTree = "<group>"; };
		A11DBD7525F22B49004ACEE4 /* NetworkHandler.swift */ = {isa = PBXFileReference; fileEncoding = 4; lastKnownFileType = sourcecode.swift; path = NetworkHandler.swift; sourceTree = "<group>"; };
		A11DBD9525F22CC2004ACEE4 /* AppConstants.swift */ = {isa = PBXFileReference; fileEncoding = 4; lastKnownFileType = sourcecode.swift; path = AppConstants.swift; sourceTree = "<group>"; };
		A11DBD9625F22CC2004ACEE4 /* AppState.swift */ = {isa = PBXFileReference; fileEncoding = 4; lastKnownFileType = sourcecode.swift; path = AppState.swift; sourceTree = "<group>"; };
		A11DBDDC25F26309004ACEE4 /* Dictionary++.swift */ = {isa = PBXFileReference; fileEncoding = 4; lastKnownFileType = sourcecode.swift; path = "Dictionary++.swift"; sourceTree = "<group>"; };
		A11DBDDD25F26309004ACEE4 /* Either.swift */ = {isa = PBXFileReference; fileEncoding = 4; lastKnownFileType = sourcecode.swift; path = Either.swift; sourceTree = "<group>"; };
		A11DBDDE25F26309004ACEE4 /* Color+Colorize.swift */ = {isa = PBXFileReference; fileEncoding = 4; lastKnownFileType = sourcecode.swift; path = "Color+Colorize.swift"; sourceTree = "<group>"; };
		A11DBDDF25F26309004ACEE4 /* Array++.swift */ = {isa = PBXFileReference; fileEncoding = 4; lastKnownFileType = sourcecode.swift; path = "Array++.swift"; sourceTree = "<group>"; };
		A11DBDE025F26309004ACEE4 /* NSError+Identifiable.swift */ = {isa = PBXFileReference; fileEncoding = 4; lastKnownFileType = sourcecode.swift; path = "NSError+Identifiable.swift"; sourceTree = "<group>"; };
		A11DBDE225F26309004ACEE4 /* Collection++.swift */ = {isa = PBXFileReference; fileEncoding = 4; lastKnownFileType = sourcecode.swift; path = "Collection++.swift"; sourceTree = "<group>"; };
		A11DBDE325F26309004ACEE4 /* Sequence++.swift */ = {isa = PBXFileReference; fileEncoding = 4; lastKnownFileType = sourcecode.swift; path = "Sequence++.swift"; sourceTree = "<group>"; };
		A11DBDF225F263C8004ACEE4 /* Requestable+Flickr.swift */ = {isa = PBXFileReference; lastKnownFileType = sourcecode.swift; path = "Requestable+Flickr.swift"; sourceTree = "<group>"; };
		A11DBDFD25F2672E004ACEE4 /* DataProvidable.swift */ = {isa = PBXFileReference; fileEncoding = 4; lastKnownFileType = sourcecode.swift; path = DataProvidable.swift; sourceTree = "<group>"; };
		A11DBE0225F26754004ACEE4 /* NetworkDataProvider.swift */ = {isa = PBXFileReference; fileEncoding = 4; lastKnownFileType = sourcecode.swift; path = NetworkDataProvider.swift; sourceTree = "<group>"; };
		A11DBE0725F267EF004ACEE4 /* LoadingView.swift */ = {isa = PBXFileReference; fileEncoding = 4; lastKnownFileType = sourcecode.swift; path = LoadingView.swift; sourceTree = "<group>"; };
		A11DBE0825F267EF004ACEE4 /* ErrorView.swift */ = {isa = PBXFileReference; fileEncoding = 4; lastKnownFileType = sourcecode.swift; path = ErrorView.swift; sourceTree = "<group>"; };
		A11DBE0925F267EF004ACEE4 /* InputTextField.swift */ = {isa = PBXFileReference; fileEncoding = 4; lastKnownFileType = sourcecode.swift; path = InputTextField.swift; sourceTree = "<group>"; };
		A11DBE1025F26862004ACEE4 /* LoadingIndicatorView.swift */ = {isa = PBXFileReference; lastKnownFileType = sourcecode.swift; path = LoadingIndicatorView.swift; sourceTree = "<group>"; };
		A11DBE1525F26969004ACEE4 /* MainAPI.swift */ = {isa = PBXFileReference; lastKnownFileType = sourcecode.swift; path = MainAPI.swift; sourceTree = "<group>"; };
		A11DBE1A25F26A69004ACEE4 /* Photo.swift */ = {isa = PBXFileReference; lastKnownFileType = sourcecode.swift; path = Photo.swift; sourceTree = "<group>"; };
		A11DBE2025F2713E004ACEE4 /* MainView.swift */ = {isa = PBXFileReference; lastKnownFileType = sourcecode.swift; path = MainView.swift; sourceTree = "<group>"; };
		A11DBE2825F27156004ACEE4 /* MainViewModel.swift */ = {isa = PBXFileReference; lastKnownFileType = sourcecode.swift; path = MainViewModel.swift; sourceTree = "<group>"; };
		A11DBE3025F271EC004ACEE4 /* MockDataProvider.swift */ = {isa = PBXFileReference; lastKnownFileType = sourcecode.swift; path = MockDataProvider.swift; sourceTree = "<group>"; };
		A11DBE3825F27701004ACEE4 /* FlickrModel.swift */ = {isa = PBXFileReference; lastKnownFileType = sourcecode.swift; path = FlickrModel.swift; sourceTree = "<group>"; };
		A11DBE4025F2786F004ACEE4 /* MockDataLoader.swift */ = {isa = PBXFileReference; lastKnownFileType = sourcecode.swift; path = MockDataLoader.swift; sourceTree = "<group>"; };
		A11DBE4525F278AD004ACEE4 /* SearchResponse.json */ = {isa = PBXFileReference; fileEncoding = 4; lastKnownFileType = text.json; path = SearchResponse.json; sourceTree = "<group>"; };
		A11DBE4E25F27C6A004ACEE4 /* README.md */ = {isa = PBXFileReference; fileEncoding = 4; lastKnownFileType = net.daringfireball.markdown; name = README.md; path = ../../README.md; sourceTree = "<group>"; };
		A11DBE5A25F27D5D004ACEE4 /* RootView.swift */ = {isa = PBXFileReference; lastKnownFileType = sourcecode.swift; path = RootView.swift; sourceTree = "<group>"; };
		A11DBE6225F27D76004ACEE4 /* RootViewModel.swift */ = {isa = PBXFileReference; lastKnownFileType = sourcecode.swift; path = RootViewModel.swift; sourceTree = "<group>"; };
		A1387B4E25F312F200B7902E /* OnboardingView.swift */ = {isa = PBXFileReference; lastKnownFileType = sourcecode.swift; path = OnboardingView.swift; sourceTree = "<group>"; };
		A1387B5625F313DD00B7902E /* Color.xcassets */ = {isa = PBXFileReference; lastKnownFileType = folder.assetcatalog; path = Color.xcassets; sourceTree = "<group>"; };
		A1387B5E25F31A5500B7902E /* VisualEffectBlur.swift */ = {isa = PBXFileReference; lastKnownFileType = sourcecode.swift; path = VisualEffectBlur.swift; sourceTree = "<group>"; };
		A1387B6625F3279100B7902E /* FlickrBackground.swift */ = {isa = PBXFileReference; lastKnownFileType = sourcecode.swift; path = FlickrBackground.swift; sourceTree = "<group>"; };
		A1387B7125F32C8800B7902E /* PhotoViewModel.swift */ = {isa = PBXFileReference; lastKnownFileType = sourcecode.swift; path = PhotoViewModel.swift; sourceTree = "<group>"; };
		A1387B7925F341D900B7902E /* NavigationConfigurator.swift */ = {isa = PBXFileReference; lastKnownFileType = sourcecode.swift; path = NavigationConfigurator.swift; sourceTree = "<group>"; };
		A1387B7E25F346EF00B7902E /* ScrollViewOffset.swift */ = {isa = PBXFileReference; lastKnownFileType = sourcecode.swift; path = ScrollViewOffset.swift; sourceTree = "<group>"; };
		A1387B8325F35CEC00B7902E /* CachedImage.swift */ = {isa = PBXFileReference; lastKnownFileType = sourcecode.swift; path = CachedImage.swift; sourceTree = "<group>"; };
		A1387B8C25F35DD600B7902E /* PhotoView.swift */ = {isa = PBXFileReference; lastKnownFileType = sourcecode.swift; path = PhotoView.swift; sourceTree = "<group>"; };
		A1387B9125F3604200B7902E /* SinglePhotoResponse.json */ = {isa = PBXFileReference; fileEncoding = 4; lastKnownFileType = text.json; path = SinglePhotoResponse.json; sourceTree = "<group>"; };
		A1800B7525F4C75A0093D040 /* PhotoModelTests.swift */ = {isa = PBXFileReference; lastKnownFileType = sourcecode.swift; path = PhotoModelTests.swift; sourceTree = "<group>"; };
		A1800B8525F4D0AB0093D040 /* PhotoResponse.jpeg */ = {isa = PBXFileReference; lastKnownFileType = image.jpeg; path = PhotoResponse.jpeg; sourceTree = "<group>"; };
		A1800B8625F4D0AB0093D040 /* SearchResponse.json */ = {isa = PBXFileReference; fileEncoding = 4; lastKnownFileType = text.json; path = SearchResponse.json; sourceTree = "<group>"; };
		A1800B8725F4D0AB0093D040 /* SinglePhotoResponse.json */ = {isa = PBXFileReference; fileEncoding = 4; lastKnownFileType = text.json; path = SinglePhotoResponse.json; sourceTree = "<group>"; };
		A1800B9125F4D0B70093D040 /* MockDataProvider.swift */ = {isa = PBXFileReference; fileEncoding = 4; lastKnownFileType = sourcecode.swift; path = MockDataProvider.swift; sourceTree = "<group>"; };
		A1800B9225F4D0B70093D040 /* MockDataLoader.swift */ = {isa = PBXFileReference; fileEncoding = 4; lastKnownFileType = sourcecode.swift; path = MockDataLoader.swift; sourceTree = "<group>"; };
		A1800BA125F4D30D0093D040 /* MainAPITests.swift */ = {isa = PBXFileReference; lastKnownFileType = sourcecode.swift; path = MainAPITests.swift; sourceTree = "<group>"; };
		A18778A525F3B7E000CEB21B /* PhotoResponse.jpeg */ = {isa = PBXFileReference; lastKnownFileType = image.jpeg; path = PhotoResponse.jpeg; sourceTree = "<group>"; };
		A18778AA25F3BDE400CEB21B /* PhotoDetailView.swift */ = {isa = PBXFileReference; lastKnownFileType = sourcecode.swift; path = PhotoDetailView.swift; sourceTree = "<group>"; };
		A18778AF25F3BDFD00CEB21B /* PhotoDetailViewModel.swift */ = {isa = PBXFileReference; lastKnownFileType = sourcecode.swift; path = PhotoDetailViewModel.swift; sourceTree = "<group>"; };
		A187BB2925F4E1F3000CC4CC /* DependencyMap.swift */ = {isa = PBXFileReference; lastKnownFileType = sourcecode.swift; path = DependencyMap.swift; sourceTree = "<group>"; };
		A187BB2E25F4E215000CC4CC /* DefaultNetworkHandlerProvider.swift */ = {isa = PBXFileReference; lastKnownFileType = sourcecode.swift; path = DefaultNetworkHandlerProvider.swift; sourceTree = "<group>"; };
		A187BB3425F4E2E2000CC4CC /* MockNetworkHandlerProvider.swift */ = {isa = PBXFileReference; lastKnownFileType = sourcecode.swift; path = MockNetworkHandlerProvider.swift; sourceTree = "<group>"; };
		A187BB3925F4E799000CC4CC /* URLProtocolMock.swift */ = {isa = PBXFileReference; lastKnownFileType = sourcecode.swift; path = URLProtocolMock.swift; sourceTree = "<group>"; };
		A187BB4125F4F3F0000CC4CC /* AppStateTests.swift */ = {isa = PBXFileReference; lastKnownFileType = sourcecode.swift; path = AppStateTests.swift; sourceTree = "<group>"; };
/* End PBXFileReference section */

/* Begin PBXFrameworksBuildPhase section */
		A11DBD2825F229CF004ACEE4 /* Frameworks */ = {
			isa = PBXFrameworksBuildPhase;
			buildActionMask = 2147483647;
			files = (
			);
			runOnlyForDeploymentPostprocessing = 0;
		};
		A11DBD3925F229D1004ACEE4 /* Frameworks */ = {
			isa = PBXFrameworksBuildPhase;
			buildActionMask = 2147483647;
			files = (
			);
			runOnlyForDeploymentPostprocessing = 0;
		};
		A11DBD4425F229D1004ACEE4 /* Frameworks */ = {
			isa = PBXFrameworksBuildPhase;
			buildActionMask = 2147483647;
			files = (
			);
			runOnlyForDeploymentPostprocessing = 0;
		};
/* End PBXFrameworksBuildPhase section */

/* Begin PBXGroup section */
		A11DBD2225F229CF004ACEE4 = {
			isa = PBXGroup;
			children = (
				A11DBE4E25F27C6A004ACEE4 /* README.md */,
				A11DBD5F25F22B49004ACEE4 /* Flickr */,
				A11DBD3F25F229D1004ACEE4 /* FlickrTests */,
				A11DBD4A25F229D1004ACEE4 /* FlickrUITests */,
				A11DBD2C25F229CF004ACEE4 /* Products */,
			);
			sourceTree = "<group>";
		};
		A11DBD2C25F229CF004ACEE4 /* Products */ = {
			isa = PBXGroup;
			children = (
				A11DBD2B25F229CF004ACEE4 /* Flickr.app */,
				A11DBD3C25F229D1004ACEE4 /* FlickrTests.xctest */,
				A11DBD4725F229D1004ACEE4 /* FlickrUITests.xctest */,
			);
			name = Products;
			sourceTree = "<group>";
		};
		A11DBD3F25F229D1004ACEE4 /* FlickrTests */ = {
			isa = PBXGroup;
			children = (
				A1800BA625F4D3450093D040 /* Common */,
				A11DBD4025F229D1004ACEE4 /* FlickrTests.swift */,
				A11DBD4225F229D1004ACEE4 /* Info.plist */,
				A1800B7425F4C7190093D040 /* MockData */,
				A1800B9225F4D0B70093D040 /* MockDataLoader.swift */,
				A1800B9125F4D0B70093D040 /* MockDataProvider.swift */,
				A1800B7325F4C70F0093D040 /* TestCases */,
			);
			path = FlickrTests;
			sourceTree = "<group>";
		};
		A11DBD4A25F229D1004ACEE4 /* FlickrUITests */ = {
			isa = PBXGroup;
			children = (
				A11DBD4B25F229D1004ACEE4 /* FlickrUITests.swift */,
				A11DBD4D25F229D1004ACEE4 /* Info.plist */,
			);
			path = FlickrUITests;
			sourceTree = "<group>";
		};
		A11DBD5F25F22B49004ACEE4 /* Flickr */ = {
			isa = PBXGroup;
			children = (
				A11DBD6025F22B49004ACEE4 /* Launch */,
				A11DBD6725F22B49004ACEE4 /* Modules */,
			);
			path = Flickr;
			sourceTree = "<group>";
		};
		A11DBD6025F22B49004ACEE4 /* Launch */ = {
			isa = PBXGroup;
			children = (
				A11DBD6125F22B49004ACEE4 /* Assets.xcassets */,
				A1387B5625F313DD00B7902E /* Color.xcassets */,
				A11DBD6525F22B49004ACEE4 /* ContentView.swift */,
				A11DBD6625F22B49004ACEE4 /* Info.plist */,
				A11DBD6225F22B49004ACEE4 /* Preview Content */,
			);
			path = Launch;
			sourceTree = "<group>";
		};
		A11DBD6225F22B49004ACEE4 /* Preview Content */ = {
			isa = PBXGroup;
			children = (
				A11DBE1F25F27094004ACEE4 /* MockData */,
				A11DBE4025F2786F004ACEE4 /* MockDataLoader.swift */,
				A11DBE3025F271EC004ACEE4 /* MockDataProvider.swift */,
				A11DBD6325F22B49004ACEE4 /* Preview Assets.xcassets */,
			);
			path = "Preview Content";
			sourceTree = "<group>";
		};
		A11DBD6725F22B49004ACEE4 /* Modules */ = {
			isa = PBXGroup;
			children = (
				A11DBD6825F22B49004ACEE4 /* App */,
				A11DBD6E25F22B49004ACEE4 /* Common */,
				A11DBD7D25F22B49004ACEE4 /* Main */,
				A1387B4C25F312CB00B7902E /* Onboarding */,
				A11DBE4A25F27BB6004ACEE4 /* Photo */,
				A18778B525F460FC00CEB21B /* PhotoDetail */,
				A11DBE5625F27D37004ACEE4 /* Root */,
				A11DBD6C25F22B49004ACEE4 /* Util */,
			);
			path = Modules;
			sourceTree = "<group>";
		};
		A11DBD6825F22B49004ACEE4 /* App */ = {
			isa = PBXGroup;
			children = (
				A11DBD6925F22B49004ACEE4 /* Dependency */,
				A11DBD6A25F22B49004ACEE4 /* Model */,
				A11DBD6B25F22B49004ACEE4 /* View */,
			);
			path = App;
			sourceTree = "<group>";
		};
		A11DBD6925F22B49004ACEE4 /* Dependency */ = {
			isa = PBXGroup;
			children = (
				A11DBDFD25F2672E004ACEE4 /* DataProvidable.swift */,
				A187BB2925F4E1F3000CC4CC /* DependencyMap.swift */,
			);
			path = Dependency;
			sourceTree = "<group>";
		};
		A11DBD6A25F22B49004ACEE4 /* Model */ = {
			isa = PBXGroup;
			children = (
				A11DBD9525F22CC2004ACEE4 /* AppConstants.swift */,
				A11DBD9625F22CC2004ACEE4 /* AppState.swift */,
			);
			path = Model;
			sourceTree = "<group>";
		};
		A11DBD6B25F22B49004ACEE4 /* View */ = {
			isa = PBXGroup;
			children = (
				A11DBD6425F22B49004ACEE4 /* FlickrApp.swift */,
			);
			path = View;
			sourceTree = "<group>";
		};
		A11DBD6C25F22B49004ACEE4 /* Util */ = {
			isa = PBXGroup;
			children = (
				A11DBD6D25F22B49004ACEE4 /* Model */,
			);
			path = Util;
			sourceTree = "<group>";
		};
		A11DBD6D25F22B49004ACEE4 /* Model */ = {
			isa = PBXGroup;
			children = (
				A11DBDDF25F26309004ACEE4 /* Array++.swift */,
				A11DBDE225F26309004ACEE4 /* Collection++.swift */,
				A11DBDDE25F26309004ACEE4 /* Color+Colorize.swift */,
				A11DBDDC25F26309004ACEE4 /* Dictionary++.swift */,
				A11DBDDD25F26309004ACEE4 /* Either.swift */,
				A11DBDE025F26309004ACEE4 /* NSError+Identifiable.swift */,
				A11DBDE325F26309004ACEE4 /* Sequence++.swift */,
			);
			path = Model;
			sourceTree = "<group>";
		};
		A11DBD6E25F22B49004ACEE4 /* Common */ = {
			isa = PBXGroup;
			children = (
				A11DBD6F25F22B49004ACEE4 /* Networking */,
				A11DBD7625F22B49004ACEE4 /* Model */,
				A11DBD7725F22B49004ACEE4 /* View */,
				A11DBD7825F22B49004ACEE4 /* Service */,
			);
			path = Common;
			sourceTree = "<group>";
		};
		A11DBD6F25F22B49004ACEE4 /* Networking */ = {
			isa = PBXGroup;
			children = (
				A11DBD7425F22B49004ACEE4 /* Fetchable.swift */,
				A11DBD7525F22B49004ACEE4 /* NetworkHandler.swift */,
				A11DBD7325F22B49004ACEE4 /* PathComponentProvider.swift */,
				A11DBD7025F22B49004ACEE4 /* Requestable.swift */,
				A11DBD7225F22B49004ACEE4 /* Requestable+Debug.swift */,
				A11DBD7125F22B49004ACEE4 /* Requestable+Loading.swift */,
			);
			path = Networking;
			sourceTree = "<group>";
		};
		A11DBD7625F22B49004ACEE4 /* Model */ = {
			isa = PBXGroup;
			children = (
				A11DBE3825F27701004ACEE4 /* FlickrModel.swift */,
				A11DBE0225F26754004ACEE4 /* NetworkDataProvider.swift */,
				A11DBDF225F263C8004ACEE4 /* Requestable+Flickr.swift */,
				A1387B7925F341D900B7902E /* NavigationConfigurator.swift */,
				A1387B8325F35CEC00B7902E /* CachedImage.swift */,
				A187BB2E25F4E215000CC4CC /* DefaultNetworkHandlerProvider.swift */,
			);
			path = Model;
			sourceTree = "<group>";
		};
		A11DBD7725F22B49004ACEE4 /* View */ = {
			isa = PBXGroup;
			children = (
				A11DBE0825F267EF004ACEE4 /* ErrorView.swift */,
				A1387B6625F3279100B7902E /* FlickrBackground.swift */,
				A11DBE0925F267EF004ACEE4 /* InputTextField.swift */,
				A11DBE1025F26862004ACEE4 /* LoadingIndicatorView.swift */,
				A11DBE0725F267EF004ACEE4 /* LoadingView.swift */,
				A1387B5E25F31A5500B7902E /* VisualEffectBlur.swift */,
				A1387B7E25F346EF00B7902E /* ScrollViewOffset.swift */,
			);
			path = View;
			sourceTree = "<group>";
		};
		A11DBD7825F22B49004ACEE4 /* Service */ = {
			isa = PBXGroup;
			children = (
				A11DBE1525F26969004ACEE4 /* MainAPI.swift */,
			);
			path = Service;
			sourceTree = "<group>";
		};
		A11DBD7D25F22B49004ACEE4 /* Main */ = {
			isa = PBXGroup;
			children = (
				A11DBD8025F22B49004ACEE4 /* View */,
				A11DBD7E25F22B49004ACEE4 /* ViewModel */,
			);
			path = Main;
			sourceTree = "<group>";
		};
		A11DBD7E25F22B49004ACEE4 /* ViewModel */ = {
			isa = PBXGroup;
			children = (
				A11DBE2825F27156004ACEE4 /* MainViewModel.swift */,
			);
			path = ViewModel;
			sourceTree = "<group>";
		};
		A11DBD8025F22B49004ACEE4 /* View */ = {
			isa = PBXGroup;
			children = (
				A11DBE2025F2713E004ACEE4 /* MainView.swift */,
			);
			path = View;
			sourceTree = "<group>";
		};
		A11DBE1F25F27094004ACEE4 /* MockData */ = {
			isa = PBXGroup;
			children = (
				A18778A525F3B7E000CEB21B /* PhotoResponse.jpeg */,
				A1387B9125F3604200B7902E /* SinglePhotoResponse.json */,
				A11DBE4525F278AD004ACEE4 /* SearchResponse.json */,
			);
			path = MockData;
			sourceTree = "<group>";
		};
		A11DBE4A25F27BB6004ACEE4 /* Photo */ = {
			isa = PBXGroup;
			children = (
				A11DBE4D25F27BCB004ACEE4 /* Model */,
				A11DBE4B25F27BC1004ACEE4 /* View */,
				A11DBE4C25F27BC5004ACEE4 /* ViewModel */,
			);
			path = Photo;
			sourceTree = "<group>";
		};
		A11DBE4B25F27BC1004ACEE4 /* View */ = {
			isa = PBXGroup;
			children = (
				A1387B8C25F35DD600B7902E /* PhotoView.swift */,
			);
			path = View;
			sourceTree = "<group>";
		};
		A11DBE4C25F27BC5004ACEE4 /* ViewModel */ = {
			isa = PBXGroup;
			children = (
				A1387B7125F32C8800B7902E /* PhotoViewModel.swift */,
			);
			path = ViewModel;
			sourceTree = "<group>";
		};
		A11DBE4D25F27BCB004ACEE4 /* Model */ = {
			isa = PBXGroup;
			children = (
				A11DBE1A25F26A69004ACEE4 /* Photo.swift */,
			);
			path = Model;
			sourceTree = "<group>";
		};
		A11DBE5625F27D37004ACEE4 /* Root */ = {
			isa = PBXGroup;
			children = (
				A11DBE5725F27D41004ACEE4 /* View */,
				A11DBE5825F27D47004ACEE4 /* ViewModel */,
			);
			path = Root;
			sourceTree = "<group>";
		};
		A11DBE5725F27D41004ACEE4 /* View */ = {
			isa = PBXGroup;
			children = (
				A11DBE5A25F27D5D004ACEE4 /* RootView.swift */,
			);
			path = View;
			sourceTree = "<group>";
		};
		A11DBE5825F27D47004ACEE4 /* ViewModel */ = {
			isa = PBXGroup;
			children = (
				A11DBE6225F27D76004ACEE4 /* RootViewModel.swift */,
			);
			path = ViewModel;
			sourceTree = "<group>";
		};
		A1387B4C25F312CB00B7902E /* Onboarding */ = {
			isa = PBXGroup;
			children = (
				A1387B4D25F312DD00B7902E /* View */,
			);
			path = Onboarding;
			sourceTree = "<group>";
		};
		A1387B4D25F312DD00B7902E /* View */ = {
			isa = PBXGroup;
			children = (
				A1387B4E25F312F200B7902E /* OnboardingView.swift */,
			);
			path = View;
			sourceTree = "<group>";
		};
		A1800B7325F4C70F0093D040 /* TestCases */ = {
			isa = PBXGroup;
			children = (
				A1800B7525F4C75A0093D040 /* PhotoModelTests.swift */,
				A1800BA125F4D30D0093D040 /* MainAPITests.swift */,
				A187BB4125F4F3F0000CC4CC /* AppStateTests.swift */,
			);
			path = TestCases;
			sourceTree = "<group>";
		};
		A1800B7425F4C7190093D040 /* MockData */ = {
			isa = PBXGroup;
			children = (
				A1800B8525F4D0AB0093D040 /* PhotoResponse.jpeg */,
				A1800B8625F4D0AB0093D040 /* SearchResponse.json */,
				A1800B8725F4D0AB0093D040 /* SinglePhotoResponse.json */,
			);
			path = MockData;
			sourceTree = "<group>";
		};
		A1800BA625F4D3450093D040 /* Common */ = {
			isa = PBXGroup;
			children = (
				A187BB3425F4E2E2000CC4CC /* MockNetworkHandlerProvider.swift */,
				A187BB3925F4E799000CC4CC /* URLProtocolMock.swift */,
			);
			path = Common;
			sourceTree = "<group>";
		};
		A18778B525F460FC00CEB21B /* PhotoDetail */ = {
			isa = PBXGroup;
			children = (
				A18778B625F4611000CEB21B /* View */,
				A18778B725F4611400CEB21B /* ViewModel */,
			);
			path = PhotoDetail;
			sourceTree = "<group>";
		};
		A18778B625F4611000CEB21B /* View */ = {
			isa = PBXGroup;
			children = (
				A18778AA25F3BDE400CEB21B /* PhotoDetailView.swift */,
			);
			path = View;
			sourceTree = "<group>";
		};
		A18778B725F4611400CEB21B /* ViewModel */ = {
			isa = PBXGroup;
			children = (
				A18778AF25F3BDFD00CEB21B /* PhotoDetailViewModel.swift */,
			);
			path = ViewModel;
			sourceTree = "<group>";
		};
/* End PBXGroup section */

/* Begin PBXNativeTarget section */
		A11DBD2A25F229CF004ACEE4 /* Flickr */ = {
			isa = PBXNativeTarget;
			buildConfigurationList = A11DBD5025F229D1004ACEE4 /* Build configuration list for PBXNativeTarget "Flickr" */;
			buildPhases = (
				A11DBD2725F229CF004ACEE4 /* Sources */,
				A11DBD2825F229CF004ACEE4 /* Frameworks */,
				A11DBD2925F229CF004ACEE4 /* Resources */,
			);
			buildRules = (
			);
			dependencies = (
			);
			name = Flickr;
			productName = Flickr;
			productReference = A11DBD2B25F229CF004ACEE4 /* Flickr.app */;
			productType = "com.apple.product-type.application";
		};
		A11DBD3B25F229D1004ACEE4 /* FlickrTests */ = {
			isa = PBXNativeTarget;
			buildConfigurationList = A11DBD5325F229D1004ACEE4 /* Build configuration list for PBXNativeTarget "FlickrTests" */;
			buildPhases = (
				A11DBD3825F229D1004ACEE4 /* Sources */,
				A11DBD3925F229D1004ACEE4 /* Frameworks */,
				A11DBD3A25F229D1004ACEE4 /* Resources */,
			);
			buildRules = (
			);
			dependencies = (
				A11DBD3E25F229D1004ACEE4 /* PBXTargetDependency */,
			);
			name = FlickrTests;
			productName = FlickrTests;
			productReference = A11DBD3C25F229D1004ACEE4 /* FlickrTests.xctest */;
			productType = "com.apple.product-type.bundle.unit-test";
		};
		A11DBD4625F229D1004ACEE4 /* FlickrUITests */ = {
			isa = PBXNativeTarget;
			buildConfigurationList = A11DBD5625F229D1004ACEE4 /* Build configuration list for PBXNativeTarget "FlickrUITests" */;
			buildPhases = (
				A11DBD4325F229D1004ACEE4 /* Sources */,
				A11DBD4425F229D1004ACEE4 /* Frameworks */,
				A11DBD4525F229D1004ACEE4 /* Resources */,
			);
			buildRules = (
			);
			dependencies = (
				A11DBD4925F229D1004ACEE4 /* PBXTargetDependency */,
			);
			name = FlickrUITests;
			productName = FlickrUITests;
			productReference = A11DBD4725F229D1004ACEE4 /* FlickrUITests.xctest */;
			productType = "com.apple.product-type.bundle.ui-testing";
		};
/* End PBXNativeTarget section */

/* Begin PBXProject section */
		A11DBD2325F229CF004ACEE4 /* Project object */ = {
			isa = PBXProject;
			attributes = {
				LastSwiftUpdateCheck = 1240;
				LastUpgradeCheck = 1240;
				TargetAttributes = {
					A11DBD2A25F229CF004ACEE4 = {
						CreatedOnToolsVersion = 12.4;
					};
					A11DBD3B25F229D1004ACEE4 = {
						CreatedOnToolsVersion = 12.4;
						TestTargetID = A11DBD2A25F229CF004ACEE4;
					};
					A11DBD4625F229D1004ACEE4 = {
						CreatedOnToolsVersion = 12.4;
						TestTargetID = A11DBD2A25F229CF004ACEE4;
					};
				};
			};
			buildConfigurationList = A11DBD2625F229CF004ACEE4 /* Build configuration list for PBXProject "Flickr" */;
			compatibilityVersion = "Xcode 9.3";
			developmentRegion = en;
			hasScannedForEncodings = 0;
			knownRegions = (
				en,
				Base,
			);
			mainGroup = A11DBD2225F229CF004ACEE4;
			productRefGroup = A11DBD2C25F229CF004ACEE4 /* Products */;
			projectDirPath = "";
			projectRoot = "";
			targets = (
				A11DBD2A25F229CF004ACEE4 /* Flickr */,
				A11DBD3B25F229D1004ACEE4 /* FlickrTests */,
				A11DBD4625F229D1004ACEE4 /* FlickrUITests */,
			);
		};
/* End PBXProject section */

/* Begin PBXResourcesBuildPhase section */
		A11DBD2925F229CF004ACEE4 /* Resources */ = {
			isa = PBXResourcesBuildPhase;
			buildActionMask = 2147483647;
			files = (
				A18778A625F3B7E000CEB21B /* PhotoResponse.jpeg in Resources */,
				A11DBE4625F278AD004ACEE4 /* SearchResponse.json in Resources */,
				A11DBD8225F22B49004ACEE4 /* Preview Assets.xcassets in Resources */,
				A1387B5725F313DD00B7902E /* Color.xcassets in Resources */,
				A1387B9225F3604200B7902E /* SinglePhotoResponse.json in Resources */,
				A11DBE4F25F27C6A004ACEE4 /* README.md in Resources */,
				A11DBD8125F22B49004ACEE4 /* Assets.xcassets in Resources */,
			);
			runOnlyForDeploymentPostprocessing = 0;
		};
		A11DBD3A25F229D1004ACEE4 /* Resources */ = {
			isa = PBXResourcesBuildPhase;
			buildActionMask = 2147483647;
			files = (
				A1800B8925F4D0AB0093D040 /* SearchResponse.json in Resources */,
				A1800B8A25F4D0AB0093D040 /* SinglePhotoResponse.json in Resources */,
				A1800B8825F4D0AB0093D040 /* PhotoResponse.jpeg in Resources */,
			);
			runOnlyForDeploymentPostprocessing = 0;
		};
		A11DBD4525F229D1004ACEE4 /* Resources */ = {
			isa = PBXResourcesBuildPhase;
			buildActionMask = 2147483647;
			files = (
			);
			runOnlyForDeploymentPostprocessing = 0;
		};
/* End PBXResourcesBuildPhase section */

/* Begin PBXSourcesBuildPhase section */
		A11DBD2725F229CF004ACEE4 /* Sources */ = {
			isa = PBXSourcesBuildPhase;
			buildActionMask = 2147483647;
			files = (
				A1387B5F25F31A5500B7902E /* VisualEffectBlur.swift in Sources */,
				A11DBD8625F22B49004ACEE4 /* Requestable.swift in Sources */,
				A18778AB25F3BDE400CEB21B /* PhotoDetailView.swift in Sources */,
				A11DBD9825F22CC2004ACEE4 /* AppState.swift in Sources */,
				A11DBD9725F22CC2004ACEE4 /* AppConstants.swift in Sources */,
				A1387B7F25F346EF00B7902E /* ScrollViewOffset.swift in Sources */,
				A1387B6725F3279100B7902E /* FlickrBackground.swift in Sources */,
				A11DBE1625F26969004ACEE4 /* MainAPI.swift in Sources */,
				A11DBE1125F26862004ACEE4 /* LoadingIndicatorView.swift in Sources */,
				A11DBE0C25F267EF004ACEE4 /* InputTextField.swift in Sources */,
				A11DBE3925F27701004ACEE4 /* FlickrModel.swift in Sources */,
				A187BB2F25F4E215000CC4CC /* DefaultNetworkHandlerProvider.swift in Sources */,
				A11DBE1B25F26A69004ACEE4 /* Photo.swift in Sources */,
				A11DBE5B25F27D5D004ACEE4 /* RootView.swift in Sources */,
				A11DBE2925F27156004ACEE4 /* MainViewModel.swift in Sources */,
				A11DBD8825F22B49004ACEE4 /* Requestable+Debug.swift in Sources */,
				A11DBDE525F26309004ACEE4 /* Either.swift in Sources */,
				A11DBE0A25F267EF004ACEE4 /* LoadingView.swift in Sources */,
				A11DBDFE25F2672E004ACEE4 /* DataProvidable.swift in Sources */,
				A1387B7225F32C8800B7902E /* PhotoViewModel.swift in Sources */,
				A11DBD8425F22B49004ACEE4 /* ContentView.swift in Sources */,
				A1387B4F25F312F200B7902E /* OnboardingView.swift in Sources */,
				A11DBD8725F22B49004ACEE4 /* Requestable+Loading.swift in Sources */,
				A11DBD8325F22B49004ACEE4 /* FlickrApp.swift in Sources */,
				A11DBE4125F2786F004ACEE4 /* MockDataLoader.swift in Sources */,
				A11DBD8925F22B49004ACEE4 /* PathComponentProvider.swift in Sources */,
				A11DBE6325F27D76004ACEE4 /* RootViewModel.swift in Sources */,
				A18778B025F3BDFD00CEB21B /* PhotoDetailViewModel.swift in Sources */,
				A187BB2A25F4E1F3000CC4CC /* DependencyMap.swift in Sources */,
				A1387B8D25F35DD600B7902E /* PhotoView.swift in Sources */,
				A11DBE3125F271EC004ACEE4 /* MockDataProvider.swift in Sources */,
				A11DBDEB25F26309004ACEE4 /* Sequence++.swift in Sources */,
				A1387B7A25F341D900B7902E /* NavigationConfigurator.swift in Sources */,
				A11DBD8A25F22B49004ACEE4 /* Fetchable.swift in Sources */,
				A11DBDEA25F26309004ACEE4 /* Collection++.swift in Sources */,
				A11DBD8B25F22B49004ACEE4 /* NetworkHandler.swift in Sources */,
				A1387B8425F35CEC00B7902E /* CachedImage.swift in Sources */,
				A11DBE2125F2713E004ACEE4 /* MainView.swift in Sources */,
				A11DBDE625F26309004ACEE4 /* Color+Colorize.swift in Sources */,
				A11DBDE425F26309004ACEE4 /* Dictionary++.swift in Sources */,
				A11DBDE825F26309004ACEE4 /* NSError+Identifiable.swift in Sources */,
				A11DBDF325F263C8004ACEE4 /* Requestable+Flickr.swift in Sources */,
				A11DBDE725F26309004ACEE4 /* Array++.swift in Sources */,
				A11DBE0325F26754004ACEE4 /* NetworkDataProvider.swift in Sources */,
				A11DBE0B25F267EF004ACEE4 /* ErrorView.swift in Sources */,
			);
			runOnlyForDeploymentPostprocessing = 0;
		};
		A11DBD3825F229D1004ACEE4 /* Sources */ = {
			isa = PBXSourcesBuildPhase;
			buildActionMask = 2147483647;
			files = (
				A1800BA225F4D30D0093D040 /* MainAPITests.swift in Sources */,
				A1800B7625F4C75A0093D040 /* PhotoModelTests.swift in Sources */,
				A1800B9425F4D0B70093D040 /* MockDataLoader.swift in Sources */,
				A187BB4225F4F3F0000CC4CC /* AppStateTests.swift in Sources */,
				A1800B9325F4D0B70093D040 /* MockDataProvider.swift in Sources */,
				A187BB3525F4E2E2000CC4CC /* MockNetworkHandlerProvider.swift in Sources */,
				A11DBD4125F229D1004ACEE4 /* FlickrTests.swift in Sources */,
				A187BB3A25F4E799000CC4CC /* URLProtocolMock.swift in Sources */,
			);
			runOnlyForDeploymentPostprocessing = 0;
		};
		A11DBD4325F229D1004ACEE4 /* Sources */ = {
			isa = PBXSourcesBuildPhase;
			buildActionMask = 2147483647;
			files = (
				A11DBD4C25F229D1004ACEE4 /* FlickrUITests.swift in Sources */,
			);
			runOnlyForDeploymentPostprocessing = 0;
		};
/* End PBXSourcesBuildPhase section */

/* Begin PBXTargetDependency section */
		A11DBD3E25F229D1004ACEE4 /* PBXTargetDependency */ = {
			isa = PBXTargetDependency;
			target = A11DBD2A25F229CF004ACEE4 /* Flickr */;
			targetProxy = A11DBD3D25F229D1004ACEE4 /* PBXContainerItemProxy */;
		};
		A11DBD4925F229D1004ACEE4 /* PBXTargetDependency */ = {
			isa = PBXTargetDependency;
			target = A11DBD2A25F229CF004ACEE4 /* Flickr */;
			targetProxy = A11DBD4825F229D1004ACEE4 /* PBXContainerItemProxy */;
		};
/* End PBXTargetDependency section */

/* Begin XCBuildConfiguration section */
		A11DBD4E25F229D1004ACEE4 /* Debug */ = {
			isa = XCBuildConfiguration;
			buildSettings = {
				ALWAYS_SEARCH_USER_PATHS = NO;
				CLANG_ANALYZER_NONNULL = YES;
				CLANG_ANALYZER_NUMBER_OBJECT_CONVERSION = YES_AGGRESSIVE;
				CLANG_CXX_LANGUAGE_STANDARD = "gnu++14";
				CLANG_CXX_LIBRARY = "libc++";
				CLANG_ENABLE_MODULES = YES;
				CLANG_ENABLE_OBJC_ARC = YES;
				CLANG_ENABLE_OBJC_WEAK = YES;
				CLANG_WARN_BLOCK_CAPTURE_AUTORELEASING = YES;
				CLANG_WARN_BOOL_CONVERSION = YES;
				CLANG_WARN_COMMA = YES;
				CLANG_WARN_CONSTANT_CONVERSION = YES;
				CLANG_WARN_DEPRECATED_OBJC_IMPLEMENTATIONS = YES;
				CLANG_WARN_DIRECT_OBJC_ISA_USAGE = YES_ERROR;
				CLANG_WARN_DOCUMENTATION_COMMENTS = YES;
				CLANG_WARN_EMPTY_BODY = YES;
				CLANG_WARN_ENUM_CONVERSION = YES;
				CLANG_WARN_INFINITE_RECURSION = YES;
				CLANG_WARN_INT_CONVERSION = YES;
				CLANG_WARN_NON_LITERAL_NULL_CONVERSION = YES;
				CLANG_WARN_OBJC_IMPLICIT_RETAIN_SELF = YES;
				CLANG_WARN_OBJC_LITERAL_CONVERSION = YES;
				CLANG_WARN_OBJC_ROOT_CLASS = YES_ERROR;
				CLANG_WARN_QUOTED_INCLUDE_IN_FRAMEWORK_HEADER = YES;
				CLANG_WARN_RANGE_LOOP_ANALYSIS = YES;
				CLANG_WARN_STRICT_PROTOTYPES = YES;
				CLANG_WARN_SUSPICIOUS_MOVE = YES;
				CLANG_WARN_UNGUARDED_AVAILABILITY = YES_AGGRESSIVE;
				CLANG_WARN_UNREACHABLE_CODE = YES;
				CLANG_WARN__DUPLICATE_METHOD_MATCH = YES;
				COPY_PHASE_STRIP = NO;
				DEBUG_INFORMATION_FORMAT = dwarf;
				ENABLE_STRICT_OBJC_MSGSEND = YES;
				ENABLE_TESTABILITY = YES;
				GCC_C_LANGUAGE_STANDARD = gnu11;
				GCC_DYNAMIC_NO_PIC = NO;
				GCC_NO_COMMON_BLOCKS = YES;
				GCC_OPTIMIZATION_LEVEL = 0;
				GCC_PREPROCESSOR_DEFINITIONS = (
					"DEBUG=1",
					"$(inherited)",
				);
				GCC_WARN_64_TO_32_BIT_CONVERSION = YES;
				GCC_WARN_ABOUT_RETURN_TYPE = YES_ERROR;
				GCC_WARN_UNDECLARED_SELECTOR = YES;
				GCC_WARN_UNINITIALIZED_AUTOS = YES_AGGRESSIVE;
				GCC_WARN_UNUSED_FUNCTION = YES;
				GCC_WARN_UNUSED_VARIABLE = YES;
				IPHONEOS_DEPLOYMENT_TARGET = 14.4;
				MTL_ENABLE_DEBUG_INFO = INCLUDE_SOURCE;
				MTL_FAST_MATH = YES;
				ONLY_ACTIVE_ARCH = YES;
				SDKROOT = iphoneos;
				SWIFT_ACTIVE_COMPILATION_CONDITIONS = DEBUG;
				SWIFT_OPTIMIZATION_LEVEL = "-Onone";
			};
			name = Debug;
		};
		A11DBD4F25F229D1004ACEE4 /* Release */ = {
			isa = XCBuildConfiguration;
			buildSettings = {
				ALWAYS_SEARCH_USER_PATHS = NO;
				CLANG_ANALYZER_NONNULL = YES;
				CLANG_ANALYZER_NUMBER_OBJECT_CONVERSION = YES_AGGRESSIVE;
				CLANG_CXX_LANGUAGE_STANDARD = "gnu++14";
				CLANG_CXX_LIBRARY = "libc++";
				CLANG_ENABLE_MODULES = YES;
				CLANG_ENABLE_OBJC_ARC = YES;
				CLANG_ENABLE_OBJC_WEAK = YES;
				CLANG_WARN_BLOCK_CAPTURE_AUTORELEASING = YES;
				CLANG_WARN_BOOL_CONVERSION = YES;
				CLANG_WARN_COMMA = YES;
				CLANG_WARN_CONSTANT_CONVERSION = YES;
				CLANG_WARN_DEPRECATED_OBJC_IMPLEMENTATIONS = YES;
				CLANG_WARN_DIRECT_OBJC_ISA_USAGE = YES_ERROR;
				CLANG_WARN_DOCUMENTATION_COMMENTS = YES;
				CLANG_WARN_EMPTY_BODY = YES;
				CLANG_WARN_ENUM_CONVERSION = YES;
				CLANG_WARN_INFINITE_RECURSION = YES;
				CLANG_WARN_INT_CONVERSION = YES;
				CLANG_WARN_NON_LITERAL_NULL_CONVERSION = YES;
				CLANG_WARN_OBJC_IMPLICIT_RETAIN_SELF = YES;
				CLANG_WARN_OBJC_LITERAL_CONVERSION = YES;
				CLANG_WARN_OBJC_ROOT_CLASS = YES_ERROR;
				CLANG_WARN_QUOTED_INCLUDE_IN_FRAMEWORK_HEADER = YES;
				CLANG_WARN_RANGE_LOOP_ANALYSIS = YES;
				CLANG_WARN_STRICT_PROTOTYPES = YES;
				CLANG_WARN_SUSPICIOUS_MOVE = YES;
				CLANG_WARN_UNGUARDED_AVAILABILITY = YES_AGGRESSIVE;
				CLANG_WARN_UNREACHABLE_CODE = YES;
				CLANG_WARN__DUPLICATE_METHOD_MATCH = YES;
				COPY_PHASE_STRIP = NO;
				DEBUG_INFORMATION_FORMAT = "dwarf-with-dsym";
				ENABLE_NS_ASSERTIONS = NO;
				ENABLE_STRICT_OBJC_MSGSEND = YES;
				GCC_C_LANGUAGE_STANDARD = gnu11;
				GCC_NO_COMMON_BLOCKS = YES;
				GCC_WARN_64_TO_32_BIT_CONVERSION = YES;
				GCC_WARN_ABOUT_RETURN_TYPE = YES_ERROR;
				GCC_WARN_UNDECLARED_SELECTOR = YES;
				GCC_WARN_UNINITIALIZED_AUTOS = YES_AGGRESSIVE;
				GCC_WARN_UNUSED_FUNCTION = YES;
				GCC_WARN_UNUSED_VARIABLE = YES;
				IPHONEOS_DEPLOYMENT_TARGET = 14.4;
				MTL_ENABLE_DEBUG_INFO = NO;
				MTL_FAST_MATH = YES;
				SDKROOT = iphoneos;
				SWIFT_COMPILATION_MODE = wholemodule;
				SWIFT_OPTIMIZATION_LEVEL = "-O";
				VALIDATE_PRODUCT = YES;
			};
			name = Release;
		};
		A11DBD5125F229D1004ACEE4 /* Debug */ = {
			isa = XCBuildConfiguration;
			buildSettings = {
				ASSETCATALOG_COMPILER_APPICON_NAME = AppIcon;
				ASSETCATALOG_COMPILER_GLOBAL_ACCENT_COLOR_NAME = AccentColor;
				CODE_SIGN_STYLE = Automatic;
				DEVELOPMENT_ASSET_PATHS = "\"Flickr/Launch/Preview Content\"";
				DEVELOPMENT_TEAM = 6G8RV26HL5;
				ENABLE_PREVIEWS = YES;
				INFOPLIST_FILE = "$(SRCROOT)/Flickr/Launch/Info.plist";
				IPHONEOS_DEPLOYMENT_TARGET = 14.0;
				LD_RUNPATH_SEARCH_PATHS = (
					"$(inherited)",
					"@executable_path/Frameworks",
				);
				PRODUCT_BUNDLE_IDENTIFIER = au.com.deloitte.Flickr;
				PRODUCT_NAME = "$(TARGET_NAME)";
				SWIFT_VERSION = 5.0;
				TARGETED_DEVICE_FAMILY = "1,2";
			};
			name = Debug;
		};
		A11DBD5225F229D1004ACEE4 /* Release */ = {
			isa = XCBuildConfiguration;
			buildSettings = {
				ASSETCATALOG_COMPILER_APPICON_NAME = AppIcon;
				ASSETCATALOG_COMPILER_GLOBAL_ACCENT_COLOR_NAME = AccentColor;
				CODE_SIGN_STYLE = Automatic;
				DEVELOPMENT_ASSET_PATHS = "\"Flickr/Launch/Preview Content\"";
				DEVELOPMENT_TEAM = 6G8RV26HL5;
				ENABLE_PREVIEWS = YES;
				INFOPLIST_FILE = "$(SRCROOT)/Flickr/Launch/Info.plist";
				IPHONEOS_DEPLOYMENT_TARGET = 14.0;
				LD_RUNPATH_SEARCH_PATHS = (
					"$(inherited)",
					"@executable_path/Frameworks",
				);
				PRODUCT_BUNDLE_IDENTIFIER = au.com.deloitte.Flickr;
				PRODUCT_NAME = "$(TARGET_NAME)";
				SWIFT_VERSION = 5.0;
				TARGETED_DEVICE_FAMILY = "1,2";
			};
			name = Release;
		};
		A11DBD5425F229D1004ACEE4 /* Debug */ = {
			isa = XCBuildConfiguration;
			buildSettings = {
				ALWAYS_EMBED_SWIFT_STANDARD_LIBRARIES = YES;
				BUNDLE_LOADER = "$(TEST_HOST)";
				CODE_SIGN_STYLE = Automatic;
				DEVELOPMENT_TEAM = 6G8RV26HL5;
				INFOPLIST_FILE = FlickrTests/Info.plist;
				IPHONEOS_DEPLOYMENT_TARGET = 14.0;
				LD_RUNPATH_SEARCH_PATHS = (
					"$(inherited)",
					"@executable_path/Frameworks",
					"@loader_path/Frameworks",
				);
				PRODUCT_BUNDLE_IDENTIFIER = au.com.deloitte.FlickrTests;
				PRODUCT_NAME = "$(TARGET_NAME)";
				SWIFT_VERSION = 5.0;
				TARGETED_DEVICE_FAMILY = "1,2";
				TEST_HOST = "$(BUILT_PRODUCTS_DIR)/Flickr.app/Flickr";
			};
			name = Debug;
		};
		A11DBD5525F229D1004ACEE4 /* Release */ = {
			isa = XCBuildConfiguration;
			buildSettings = {
				ALWAYS_EMBED_SWIFT_STANDARD_LIBRARIES = YES;
				BUNDLE_LOADER = "$(TEST_HOST)";
				CODE_SIGN_STYLE = Automatic;
				DEVELOPMENT_TEAM = 6G8RV26HL5;
				INFOPLIST_FILE = FlickrTests/Info.plist;
				IPHONEOS_DEPLOYMENT_TARGET = 14.0;
				LD_RUNPATH_SEARCH_PATHS = (
					"$(inherited)",
					"@executable_path/Frameworks",
					"@loader_path/Frameworks",
				);
				PRODUCT_BUNDLE_IDENTIFIER = au.com.deloitte.FlickrTests;
				PRODUCT_NAME = "$(TARGET_NAME)";
				SWIFT_VERSION = 5.0;
				TARGETED_DEVICE_FAMILY = "1,2";
				TEST_HOST = "$(BUILT_PRODUCTS_DIR)/Flickr.app/Flickr";
			};
			name = Release;
		};
		A11DBD5725F229D1004ACEE4 /* Debug */ = {
			isa = XCBuildConfiguration;
			buildSettings = {
				ALWAYS_EMBED_SWIFT_STANDARD_LIBRARIES = YES;
				CODE_SIGN_STYLE = Automatic;
				DEVELOPMENT_TEAM = 6G8RV26HL5;
				INFOPLIST_FILE = FlickrUITests/Info.plist;
				LD_RUNPATH_SEARCH_PATHS = (
					"$(inherited)",
					"@executable_path/Frameworks",
					"@loader_path/Frameworks",
				);
				PRODUCT_BUNDLE_IDENTIFIER = au.com.deloitte.FlickrUITests;
				PRODUCT_NAME = "$(TARGET_NAME)";
				SWIFT_VERSION = 5.0;
				TARGETED_DEVICE_FAMILY = "1,2";
				TEST_TARGET_NAME = Flickr;
			};
			name = Debug;
		};
		A11DBD5825F229D1004ACEE4 /* Release */ = {
			isa = XCBuildConfiguration;
			buildSettings = {
				ALWAYS_EMBED_SWIFT_STANDARD_LIBRARIES = YES;
				CODE_SIGN_STYLE = Automatic;
				DEVELOPMENT_TEAM = 6G8RV26HL5;
				INFOPLIST_FILE = FlickrUITests/Info.plist;
				LD_RUNPATH_SEARCH_PATHS = (
					"$(inherited)",
					"@executable_path/Frameworks",
					"@loader_path/Frameworks",
				);
				PRODUCT_BUNDLE_IDENTIFIER = au.com.deloitte.FlickrUITests;
				PRODUCT_NAME = "$(TARGET_NAME)";
				SWIFT_VERSION = 5.0;
				TARGETED_DEVICE_FAMILY = "1,2";
				TEST_TARGET_NAME = Flickr;
			};
			name = Release;
		};
/* End XCBuildConfiguration section */

/* Begin XCConfigurationList section */
		A11DBD2625F229CF004ACEE4 /* Build configuration list for PBXProject "Flickr" */ = {
			isa = XCConfigurationList;
			buildConfigurations = (
				A11DBD4E25F229D1004ACEE4 /* Debug */,
				A11DBD4F25F229D1004ACEE4 /* Release */,
			);
			defaultConfigurationIsVisible = 0;
			defaultConfigurationName = Release;
		};
		A11DBD5025F229D1004ACEE4 /* Build configuration list for PBXNativeTarget "Flickr" */ = {
			isa = XCConfigurationList;
			buildConfigurations = (
				A11DBD5125F229D1004ACEE4 /* Debug */,
				A11DBD5225F229D1004ACEE4 /* Release */,
			);
			defaultConfigurationIsVisible = 0;
			defaultConfigurationName = Release;
		};
		A11DBD5325F229D1004ACEE4 /* Build configuration list for PBXNativeTarget "FlickrTests" */ = {
			isa = XCConfigurationList;
			buildConfigurations = (
				A11DBD5425F229D1004ACEE4 /* Debug */,
				A11DBD5525F229D1004ACEE4 /* Release */,
			);
			defaultConfigurationIsVisible = 0;
			defaultConfigurationName = Release;
		};
		A11DBD5625F229D1004ACEE4 /* Build configuration list for PBXNativeTarget "FlickrUITests" */ = {
			isa = XCConfigurationList;
			buildConfigurations = (
				A11DBD5725F229D1004ACEE4 /* Debug */,
				A11DBD5825F229D1004ACEE4 /* Release */,
			);
			defaultConfigurationIsVisible = 0;
			defaultConfigurationName = Release;
		};
/* End XCConfigurationList section */
	};
	rootObject = A11DBD2325F229CF004ACEE4 /* Project object */;
}
